Microsoft Visual Studio Solution File, Format Version 12.00
# Visual Studio Version 17
VisualStudioVersion = 17.5.2.0
MinimumVisualStudioVersion = 10.0.40219.1
Project("{FAE04EC0-301F-11D3-BF4B-00C04F79EFBC}") = "TriggerSystemDemo", "TriggerSystemDemo.csproj", "{C4DC3000-8ABB-618C-95A9-E19B51FD9C94}"
EndProject
Global
	GlobalSection(SolutionConfigurationPlatforms) = preSolution
		Debug|Any CPU = Debug|Any CPU
		Release|Any CPU = Release|Any CPU
	EndGlobalSection
	GlobalSection(ProjectConfigurationPlatforms) = postSolution
		{C4DC3000-8ABB-618C-95A9-E19B51FD9C94}.Debug|Any CPU.ActiveCfg = Debug|Any CPU
		{C4DC3000-8ABB-618C-95A9-E19B51FD9C94}.Debug|Any CPU.Build.0 = Debug|Any CPU
		{C4DC3000-8ABB-618C-95A9-E19B51FD9C94}.Release|Any CPU.ActiveCfg = Release|Any CPU
		{C4DC3000-8ABB-618C-95A9-E19B51FD9C94}.Release|Any CPU.Build.0 = Release|Any CPU
	EndGlobalSection
	GlobalSection(SolutionProperties) = preSolution
		HideSolutionNode = FALSE
	EndGlobalSection
	GlobalSection(ExtensibilityGlobals) = postSolution
		SolutionGuid = {1314EA9C-D2C4-431A-BA97-4584D1398A42}
	EndGlobalSection
EndGlobal
